
Microsoft Visual Studio Solution File, Format Version 12.00
# Visual Studio Version 16
VisualStudioVersion = 25.0.1704.0
MinimumVisualStudioVersion = 10.0.40219.1
Project("{FAE04EC0-301F-11D3-BF4B-00C04F79EFBC}") = "WalletDemo", "WalletDemo\WalletDemo.csproj", "{30226EF9-1943-428E-B2BB-0F0C9C9CB45E}"
EndProject
Global
	GlobalSection(SolutionConfigurationPlatforms) = preSolution
		Debug|Any CPU = Debug|Any CPU
		Release|Any CPU = Release|Any CPU
	EndGlobalSection
	GlobalSection(ProjectConfigurationPlatforms) = postSolution
		{30226EF9-1943-428E-B2BB-0F0C9C9CB45E}.Debug|Any CPU.ActiveCfg = Debug|Any CPU
		{30226EF9-1943-428E-B2BB-0F0C9C9CB45E}.Debug|Any CPU.Build.0 = Debug|Any CPU
		{30226EF9-1943-428E-B2BB-0F0C9C9CB45E}.Release|Any CPU.ActiveCfg = Release|Any CPU
		{30226EF9-1943-428E-B2BB-0F0C9C9CB45E}.Release|Any CPU.Build.0 = Release|Any CPU
	EndGlobalSection
	GlobalSection(SolutionProperties) = preSolution
		HideSolutionNode = FALSE
	EndGlobalSection
	GlobalSection(ExtensibilityGlobals) = postSolution
		SolutionGuid = {20E2FC47-815A-4430-807B-1B2D31E60025}
	EndGlobalSection
EndGlobal
